
Microsoft Visual Studio Solution File, Format Version 12.00
# Visual Studio Version 17
VisualStudioVersion = 17.5.33627.172
MinimumVisualStudioVersion = 10.0.40219.1
Project("{FAE04EC0-301F-11D3-BF4B-00C04F79EFBC}") = "zadanie 4", "zadanie 4\zadanie 4.csproj", "{874B5A38-09A3-4994-9BBF-C70DD77E156F}"
EndProject
Global
	GlobalSection(SolutionConfigurationPlatforms) = preSolution
		Debug|Any CPU = Debug|Any CPU
		Release|Any CPU = Release|Any CPU
	EndGlobalSection
	GlobalSection(ProjectConfigurationPlatforms) = postSolution
		{874B5A38-09A3-4994-9BBF-C70DD77E156F}.Debug|Any CPU.ActiveCfg = Debug|Any CPU
		{874B5A38-09A3-4994-9BBF-C70DD77E156F}.Debug|Any CPU.Build.0 = Debug|Any CPU
		{874B5A38-09A3-4994-9BBF-C70DD77E156F}.Release|Any CPU.ActiveCfg = Release|Any CPU
		{874B5A38-09A3-4994-9BBF-C70DD77E156F}.Release|Any CPU.Build.0 = Release|Any CPU
	EndGlobalSection
	GlobalSection(SolutionProperties) = preSolution
		HideSolutionNode = FALSE
	EndGlobalSection
	GlobalSection(ExtensibilityGlobals) = postSolution
		SolutionGuid = {0286A5E6-97B0-4B56-A622-AE24CA42D682}
	EndGlobalSection
EndGlobal
